
Microsoft Visual Studio Solution File, Format Version 12.00
# Visual Studio Version 17
VisualStudioVersion = 17.7.34221.43
MinimumVisualStudioVersion = 10.0.40219.1
Project("{FAE04EC0-301F-11D3-BF4B-00C04F79EFBC}") = "1", "1\1.csproj", "{B5A41480-10E0-4936-B2CA-D6BA6407923F}"
EndProject
Project("{FAE04EC0-301F-11D3-BF4B-00C04F79EFBC}") = "2", "2\2.csproj", "{5C10C987-A200-4CCF-A594-1290B82B076D}"
EndProject
Project("{FAE04EC0-301F-11D3-BF4B-00C04F79EFBC}") = "3", "3\3.csproj", "{96ADE4BB-DE5B-4631-9E6E-E9B4119294A6}"
EndProject
Project("{FAE04EC0-301F-11D3-BF4B-00C04F79EFBC}") = "4", "4\4.csproj", "{6C041580-654F-4076-B8D1-000C13E2878D}"
EndProject
Project("{FAE04EC0-301F-11D3-BF4B-00C04F79EFBC}") = "5", "5\5.csproj", "{444E1B02-A0DE-4143-B890-9291216B733B}"
EndProject
Project("{FAE04EC0-301F-11D3-BF4B-00C04F79EFBC}") = "6", "6\6.csproj", "{6069107D-92C5-4512-8550-B560421199D4}"
EndProject
Global
	GlobalSection(SolutionConfigurationPlatforms) = preSolution
		Debug|Any CPU = Debug|Any CPU
		Release|Any CPU = Release|Any CPU
	EndGlobalSection
	GlobalSection(ProjectConfigurationPlatforms) = postSolution
		{B5A41480-10E0-4936-B2CA-D6BA6407923F}.Debug|Any CPU.ActiveCfg = Debug|Any CPU
		{B5A41480-10E0-4936-B2CA-D6BA6407923F}.Debug|Any CPU.Build.0 = Debug|Any CPU
		{B5A41480-10E0-4936-B2CA-D6BA6407923F}.Release|Any CPU.ActiveCfg = Release|Any CPU
		{B5A41480-10E0-4936-B2CA-D6BA6407923F}.Release|Any CPU.Build.0 = Release|Any CPU
		{5C10C987-A200-4CCF-A594-1290B82B076D}.Debug|Any CPU.ActiveCfg = Debug|Any CPU
		{5C10C987-A200-4CCF-A594-1290B82B076D}.Debug|Any CPU.Build.0 = Debug|Any CPU
		{5C10C987-A200-4CCF-A594-1290B82B076D}.Release|Any CPU.ActiveCfg = Release|Any CPU
		{5C10C987-A200-4CCF-A594-1290B82B076D}.Release|Any CPU.Build.0 = Release|Any CPU
		{96ADE4BB-DE5B-4631-9E6E-E9B4119294A6}.Debug|Any CPU.ActiveCfg = Debug|Any CPU
		{96ADE4BB-DE5B-4631-9E6E-E9B4119294A6}.Debug|Any CPU.Build.0 = Debug|Any CPU
		{96ADE4BB-DE5B-4631-9E6E-E9B4119294A6}.Release|Any CPU.ActiveCfg = Release|Any CPU
		{96ADE4BB-DE5B-4631-9E6E-E9B4119294A6}.Release|Any CPU.Build.0 = Release|Any CPU
		{6C041580-654F-4076-B8D1-000C13E2878D}.Debug|Any CPU.ActiveCfg = Debug|Any CPU
		{6C041580-654F-4076-B8D1-000C13E2878D}.Debug|Any CPU.Build.0 = Debug|Any CPU
		{6C041580-654F-4076-B8D1-000C13E2878D}.Release|Any CPU.ActiveCfg = Release|Any CPU
		{6C041580-654F-4076-B8D1-000C13E2878D}.Release|Any CPU.Build.0 = Release|Any CPU
		{444E1B02-A0DE-4143-B890-9291216B733B}.Debug|Any CPU.ActiveCfg = Debug|Any CPU
		{444E1B02-A0DE-4143-B890-9291216B733B}.Debug|Any CPU.Build.0 = Debug|Any CPU
		{444E1B02-A0DE-4143-B890-9291216B733B}.Release|Any CPU.ActiveCfg = Release|Any CPU
		{444E1B02-A0DE-4143-B890-9291216B733B}.Release|Any CPU.Build.0 = Release|Any CPU
		{6069107D-92C5-4512-8550-B560421199D4}.Debug|Any CPU.ActiveCfg = Debug|Any CPU
		{6069107D-92C5-4512-8550-B560421199D4}.Debug|Any CPU.Build.0 = Debug|Any CPU
		{6069107D-92C5-4512-8550-B560421199D4}.Release|Any CPU.ActiveCfg = Release|Any CPU
		{6069107D-92C5-4512-8550-B560421199D4}.Release|Any CPU.Build.0 = Release|Any CPU
	EndGlobalSection
	GlobalSection(SolutionProperties) = preSolution
		HideSolutionNode = FALSE
	EndGlobalSection
	GlobalSection(ExtensibilityGlobals) = postSolution
		SolutionGuid = {C0C22BEB-8E29-42E1-9F50-503B80FBE950}
	EndGlobalSection
EndGlobal
