
Microsoft Visual Studio Solution File, Format Version 12.00
# Visual Studio Version 17
VisualStudioVersion = 17.7.34031.279
MinimumVisualStudioVersion = 10.0.40219.1
Project("{FAE04EC0-301F-11D3-BF4B-00C04F79EFBC}") = "Ejercicio7", "Ejercicio7\Ejercicio7.csproj", "{422FEA52-2E38-4FBD-9D7B-A9473570A0A0}"
EndProject
Global
	GlobalSection(SolutionConfigurationPlatforms) = preSolution
		Debug|Any CPU = Debug|Any CPU
		Release|Any CPU = Release|Any CPU
	EndGlobalSection
	GlobalSection(ProjectConfigurationPlatforms) = postSolution
		{422FEA52-2E38-4FBD-9D7B-A9473570A0A0}.Debug|Any CPU.ActiveCfg = Debug|Any CPU
		{422FEA52-2E38-4FBD-9D7B-A9473570A0A0}.Debug|Any CPU.Build.0 = Debug|Any CPU
		{422FEA52-2E38-4FBD-9D7B-A9473570A0A0}.Release|Any CPU.ActiveCfg = Release|Any CPU
		{422FEA52-2E38-4FBD-9D7B-A9473570A0A0}.Release|Any CPU.Build.0 = Release|Any CPU
	EndGlobalSection
	GlobalSection(SolutionProperties) = preSolution
		HideSolutionNode = FALSE
	EndGlobalSection
	GlobalSection(ExtensibilityGlobals) = postSolution
		SolutionGuid = {D4550292-50B4-44E8-83B0-C8383A96AACD}
	EndGlobalSection
EndGlobal
