
Microsoft Visual Studio Solution File, Format Version 12.00
# Visual Studio Version 17
VisualStudioVersion = 17.8.34511.84
MinimumVisualStudioVersion = 10.0.40219.1
Project("{FAE04EC0-301F-11D3-BF4B-00C04F79EFBC}") = "PruebaFinalExamen", "PruebaFinalExamen\PruebaFinalExamen.csproj", "{535E2801-3645-410A-BBFB-DDFA30428D26}"
EndProject
Global
	GlobalSection(SolutionConfigurationPlatforms) = preSolution
		Debug|Any CPU = Debug|Any CPU
		Release|Any CPU = Release|Any CPU
	EndGlobalSection
	GlobalSection(ProjectConfigurationPlatforms) = postSolution
		{535E2801-3645-410A-BBFB-DDFA30428D26}.Debug|Any CPU.ActiveCfg = Debug|Any CPU
		{535E2801-3645-410A-BBFB-DDFA30428D26}.Debug|Any CPU.Build.0 = Debug|Any CPU
		{535E2801-3645-410A-BBFB-DDFA30428D26}.Debug|Any CPU.Deploy.0 = Debug|Any CPU
		{535E2801-3645-410A-BBFB-DDFA30428D26}.Release|Any CPU.ActiveCfg = Release|Any CPU
		{535E2801-3645-410A-BBFB-DDFA30428D26}.Release|Any CPU.Build.0 = Release|Any CPU
		{535E2801-3645-410A-BBFB-DDFA30428D26}.Release|Any CPU.Deploy.0 = Release|Any CPU
	EndGlobalSection
	GlobalSection(SolutionProperties) = preSolution
		HideSolutionNode = FALSE
	EndGlobalSection
	GlobalSection(ExtensibilityGlobals) = postSolution
		SolutionGuid = {C7E44710-9765-4520-8B7B-D62C22D4C9FA}
	EndGlobalSection
EndGlobal
