
Microsoft Visual Studio Solution File, Format Version 12.00
# Visual Studio Version 17
VisualStudioVersion = 17.7.34031.279
MinimumVisualStudioVersion = 10.0.40219.1
Project("{FAE04EC0-301F-11D3-BF4B-00C04F79EFBC}") = "AdminIES", "Ejercicio3\AdminIES.csproj", "{4CBA41F8-DB30-4945-8887-BB3FD305182E}"
EndProject
Global
	GlobalSection(SolutionConfigurationPlatforms) = preSolution
		Debug|Any CPU = Debug|Any CPU
		Release|Any CPU = Release|Any CPU
	EndGlobalSection
	GlobalSection(ProjectConfigurationPlatforms) = postSolution
		{4CBA41F8-DB30-4945-8887-BB3FD305182E}.Debug|Any CPU.ActiveCfg = Debug|Any CPU
		{4CBA41F8-DB30-4945-8887-BB3FD305182E}.Debug|Any CPU.Build.0 = Debug|Any CPU
		{4CBA41F8-DB30-4945-8887-BB3FD305182E}.Release|Any CPU.ActiveCfg = Release|Any CPU
		{4CBA41F8-DB30-4945-8887-BB3FD305182E}.Release|Any CPU.Build.0 = Release|Any CPU
	EndGlobalSection
	GlobalSection(SolutionProperties) = preSolution
		HideSolutionNode = FALSE
	EndGlobalSection
	GlobalSection(ExtensibilityGlobals) = postSolution
		SolutionGuid = {43CB5B34-1313-4D38-AF56-6630AA5DED9C}
	EndGlobalSection
EndGlobal
