
Microsoft Visual Studio Solution File, Format Version 12.00
# Visual Studio Version 17
VisualStudioVersion = 17.7.34031.279
MinimumVisualStudioVersion = 10.0.40219.1
Project("{FAE04EC0-301F-11D3-BF4B-00C04F79EFBC}") = "1-Validaciones", "1-Validaciones\1-Validaciones.csproj", "{6EEFB837-AA38-4753-A2CC-EA2156FA4A2A}"
EndProject
Global
	GlobalSection(SolutionConfigurationPlatforms) = preSolution
		Debug|Any CPU = Debug|Any CPU
		Release|Any CPU = Release|Any CPU
	EndGlobalSection
	GlobalSection(ProjectConfigurationPlatforms) = postSolution
		{6EEFB837-AA38-4753-A2CC-EA2156FA4A2A}.Debug|Any CPU.ActiveCfg = Debug|Any CPU
		{6EEFB837-AA38-4753-A2CC-EA2156FA4A2A}.Debug|Any CPU.Build.0 = Debug|Any CPU
		{6EEFB837-AA38-4753-A2CC-EA2156FA4A2A}.Release|Any CPU.ActiveCfg = Release|Any CPU
		{6EEFB837-AA38-4753-A2CC-EA2156FA4A2A}.Release|Any CPU.Build.0 = Release|Any CPU
	EndGlobalSection
	GlobalSection(SolutionProperties) = preSolution
		HideSolutionNode = FALSE
	EndGlobalSection
	GlobalSection(ExtensibilityGlobals) = postSolution
		SolutionGuid = {7ED20073-0C4A-4771-B640-90AFD50B569D}
	EndGlobalSection
EndGlobal
