
Microsoft Visual Studio Solution File, Format Version 12.00
# Visual Studio Version 17
VisualStudioVersion = 17.7.34031.279
MinimumVisualStudioVersion = 10.0.40219.1
Project("{FAE04EC0-301F-11D3-BF4B-00C04F79EFBC}") = "Ejercicio9-Jardineria", "Ejercicio9-Jardineria\Ejercicio9-Jardineria.csproj", "{33CF8B4D-3C0B-4115-BC66-8CBB3F0D2BA2}"
EndProject
Global
	GlobalSection(SolutionConfigurationPlatforms) = preSolution
		Debug|Any CPU = Debug|Any CPU
		Release|Any CPU = Release|Any CPU
	EndGlobalSection
	GlobalSection(ProjectConfigurationPlatforms) = postSolution
		{33CF8B4D-3C0B-4115-BC66-8CBB3F0D2BA2}.Debug|Any CPU.ActiveCfg = Debug|Any CPU
		{33CF8B4D-3C0B-4115-BC66-8CBB3F0D2BA2}.Debug|Any CPU.Build.0 = Debug|Any CPU
		{33CF8B4D-3C0B-4115-BC66-8CBB3F0D2BA2}.Release|Any CPU.ActiveCfg = Release|Any CPU
		{33CF8B4D-3C0B-4115-BC66-8CBB3F0D2BA2}.Release|Any CPU.Build.0 = Release|Any CPU
	EndGlobalSection
	GlobalSection(SolutionProperties) = preSolution
		HideSolutionNode = FALSE
	EndGlobalSection
	GlobalSection(ExtensibilityGlobals) = postSolution
		SolutionGuid = {D2929F03-2D64-4BD8-9C4C-4E632D331E92}
	EndGlobalSection
EndGlobal
