
Microsoft Visual Studio Solution File, Format Version 12.00
# Visual Studio Version 17
VisualStudioVersion = 17.7.34031.279
MinimumVisualStudioVersion = 10.0.40219.1
Project("{FAE04EC0-301F-11D3-BF4B-00C04F79EFBC}") = "Ejercicio8", "Ejercicio8\Ejercicio8.csproj", "{D5414E02-37AC-450F-B8E6-C4CAD3F65144}"
EndProject
Global
	GlobalSection(SolutionConfigurationPlatforms) = preSolution
		Debug|Any CPU = Debug|Any CPU
		Release|Any CPU = Release|Any CPU
	EndGlobalSection
	GlobalSection(ProjectConfigurationPlatforms) = postSolution
		{D5414E02-37AC-450F-B8E6-C4CAD3F65144}.Debug|Any CPU.ActiveCfg = Debug|Any CPU
		{D5414E02-37AC-450F-B8E6-C4CAD3F65144}.Debug|Any CPU.Build.0 = Debug|Any CPU
		{D5414E02-37AC-450F-B8E6-C4CAD3F65144}.Release|Any CPU.ActiveCfg = Release|Any CPU
		{D5414E02-37AC-450F-B8E6-C4CAD3F65144}.Release|Any CPU.Build.0 = Release|Any CPU
	EndGlobalSection
	GlobalSection(SolutionProperties) = preSolution
		HideSolutionNode = FALSE
	EndGlobalSection
	GlobalSection(ExtensibilityGlobals) = postSolution
		SolutionGuid = {8DC1F68C-A7BB-429F-B0BE-E51E4386E905}
	EndGlobalSection
EndGlobal
