
Microsoft Visual Studio Solution File, Format Version 12.00
# Visual Studio Version 17
VisualStudioVersion = 17.7.34031.279
MinimumVisualStudioVersion = 10.0.40219.1
Project("{FAE04EC0-301F-11D3-BF4B-00C04F79EFBC}") = "PruebaExamen", "PruebaExamen\PruebaExamen.csproj", "{83BD5A7C-AED6-43F0-BBC8-31EC44D64BAF}"
EndProject
Global
	GlobalSection(SolutionConfigurationPlatforms) = preSolution
		Debug|Any CPU = Debug|Any CPU
		Release|Any CPU = Release|Any CPU
	EndGlobalSection
	GlobalSection(ProjectConfigurationPlatforms) = postSolution
		{83BD5A7C-AED6-43F0-BBC8-31EC44D64BAF}.Debug|Any CPU.ActiveCfg = Debug|Any CPU
		{83BD5A7C-AED6-43F0-BBC8-31EC44D64BAF}.Debug|Any CPU.Build.0 = Debug|Any CPU
		{83BD5A7C-AED6-43F0-BBC8-31EC44D64BAF}.Debug|Any CPU.Deploy.0 = Debug|Any CPU
		{83BD5A7C-AED6-43F0-BBC8-31EC44D64BAF}.Release|Any CPU.ActiveCfg = Release|Any CPU
		{83BD5A7C-AED6-43F0-BBC8-31EC44D64BAF}.Release|Any CPU.Build.0 = Release|Any CPU
		{83BD5A7C-AED6-43F0-BBC8-31EC44D64BAF}.Release|Any CPU.Deploy.0 = Release|Any CPU
	EndGlobalSection
	GlobalSection(SolutionProperties) = preSolution
		HideSolutionNode = FALSE
	EndGlobalSection
	GlobalSection(ExtensibilityGlobals) = postSolution
		SolutionGuid = {6B887CCC-4D59-4D78-9D3E-BC1401E91B1F}
	EndGlobalSection
EndGlobal
