
Microsoft Visual Studio Solution File, Format Version 12.00
# Visual Studio Version 17
VisualStudioVersion = 17.7.34031.279
MinimumVisualStudioVersion = 10.0.40219.1
Project("{FAE04EC0-301F-11D3-BF4B-00C04F79EFBC}") = "1", "Examen2IgnacioFernandezSanchez\1.csproj", "{51166223-04D4-463F-AD7D-8C5B9F09DA0F}"
EndProject
Project("{FAE04EC0-301F-11D3-BF4B-00C04F79EFBC}") = "2", "2\2.csproj", "{14A8FAF9-9283-4B96-9615-6E39E362EE65}"
EndProject
Global
	GlobalSection(SolutionConfigurationPlatforms) = preSolution
		Debug|Any CPU = Debug|Any CPU
		Release|Any CPU = Release|Any CPU
	EndGlobalSection
	GlobalSection(ProjectConfigurationPlatforms) = postSolution
		{51166223-04D4-463F-AD7D-8C5B9F09DA0F}.Debug|Any CPU.ActiveCfg = Debug|Any CPU
		{51166223-04D4-463F-AD7D-8C5B9F09DA0F}.Debug|Any CPU.Build.0 = Debug|Any CPU
		{51166223-04D4-463F-AD7D-8C5B9F09DA0F}.Release|Any CPU.ActiveCfg = Release|Any CPU
		{51166223-04D4-463F-AD7D-8C5B9F09DA0F}.Release|Any CPU.Build.0 = Release|Any CPU
		{14A8FAF9-9283-4B96-9615-6E39E362EE65}.Debug|Any CPU.ActiveCfg = Debug|Any CPU
		{14A8FAF9-9283-4B96-9615-6E39E362EE65}.Debug|Any CPU.Build.0 = Debug|Any CPU
		{14A8FAF9-9283-4B96-9615-6E39E362EE65}.Release|Any CPU.ActiveCfg = Release|Any CPU
		{14A8FAF9-9283-4B96-9615-6E39E362EE65}.Release|Any CPU.Build.0 = Release|Any CPU
	EndGlobalSection
	GlobalSection(SolutionProperties) = preSolution
		HideSolutionNode = FALSE
	EndGlobalSection
	GlobalSection(ExtensibilityGlobals) = postSolution
		SolutionGuid = {24DB3342-BE37-4A8E-B915-3BBDD6630D38}
	EndGlobalSection
EndGlobal
